
Microsoft Visual Studio Solution File, Format Version 12.00
# Visual Studio Version 16
VisualStudioVersion = 16.0.29613.14
MinimumVisualStudioVersion = 10.0.40219.1
Project("{8BC9CEB8-8B4A-11D0-8D11-00A0C91BC942}") = "Booster", "Booster\Booster.vcxproj", "{8B63366A-9879-424F-B056-82EDB62FBCDD}"
EndProject
Project("{8BC9CEB8-8B4A-11D0-8D11-00A0C91BC942}") = "PriorityBooster", "PriorityBooster\PriorityBooster.vcxproj", "{6B85C905-C29D-4CAF-8CF3-D5B7491859D5}"
EndProject
Project("{8BC9CEB8-8B4A-11D0-8D11-00A0C91BC942}") = "Zero", "Zero\Zero.vcxproj", "{1E0D32A6-3994-4F1D-89DA-50EC4B3A8442}"
EndProject
Project("{8BC9CEB8-8B4A-11D0-8D11-00A0C91BC942}") = "ZeroTest", "ZeroTest\ZeroTest.vcxproj", "{2D90E9A8-031C-407E-AE71-58EA7103932A}"
EndProject
Project("{8BC9CEB8-8B4A-11D0-8D11-00A0C91BC942}") = "SysMon", "SysMon\SysMon.vcxproj", "{274EEF16-1D06-4FD6-91CA-D06B4B8F56A6}"
EndProject
Project("{8BC9CEB8-8B4A-11D0-8D11-00A0C91BC942}") = "SysMonClient", "SysMonClient\SysMonClient.vcxproj", "{E936A2BB-6216-4726-907E-64710C6FB29E}"
EndProject
Project("{8BC9CEB8-8B4A-11D0-8D11-00A0C91BC942}") = "ProcessProtect", "ProcessProtect\ProcessProtect.vcxproj", "{4B27350F-5138-469A-AFC7-59691FE045BB}"
EndProject
Project("{8BC9CEB8-8B4A-11D0-8D11-00A0C91BC942}") = "ProcessProtectClient", "ProcessProtectClient\ProcessProtectClient.vcxproj", "{35FF1CA2-96C4-44F9-951A-8EE71B24EC55}"
EndProject
Project("{8BC9CEB8-8B4A-11D0-8D11-00A0C91BC942}") = "DelProtect", "DelProtect\DelProtect.vcxproj", "{CE94C72A-5DAC-4AF1-B9F5-AD95A127885C}"
EndProject
Project("{8BC9CEB8-8B4A-11D0-8D11-00A0C91BC942}") = "DelProtect2", "DelProtect2\DelProtect2.vcxproj", "{4DE0090A-C091-4B17-B2DD-F1E3E9C03B51}"
EndProject
Project("{8BC9CEB8-8B4A-11D0-8D11-00A0C91BC942}") = "DelProtect2Config", "DelProtect2Config\DelProtect2Config.vcxproj", "{67F13600-6CB0-4392-A4C7-EB55ACBB6083}"
EndProject
Project("{8BC9CEB8-8B4A-11D0-8D11-00A0C91BC942}") = "DelProtect3", "DelProtect3\DelProtect3.vcxproj", "{25FB2942-975F-4349-A9F2-40AF73363D11}"
EndProject
Project("{8BC9CEB8-8B4A-11D0-8D11-00A0C91BC942}") = "DelProtect3Config", "DelProtect3Config\DelProtect3Config.vcxproj", "{497105BD-4302-4A23-9EF5-DBA658E5A5F2}"
EndProject
Project("{8BC9CEB8-8B4A-11D0-8D11-00A0C91BC942}") = "DelProtectClient", "DelProtectClient\DelProtectClient.vcxproj", "{0E61740A-E9C2-46E1-98E2-CB1DE4BE1C2E}"
EndProject
Project("{8BC9CEB8-8B4A-11D0-8D11-00A0C91BC942}") = "FileBackup", "FileBackup\FileBackup.vcxproj", "{D2A67051-DBBD-40E7-AE29-0426ACD29F0E}"
EndProject
Project("{8BC9CEB8-8B4A-11D0-8D11-00A0C91BC942}") = "FileBackupMon", "FileBackupMon\FileBackupMon.vcxproj", "{7940BE42-6C79-4697-98EE-DD6883D1A97F}"
EndProject
Project("{8BC9CEB8-8B4A-11D0-8D11-00A0C91BC942}") = "FileBackupRestore", "FileBackupRestore\FileBackupRestore.vcxproj", "{405CC23B-0DDB-4C86-AE79-11D6193DE90C}"
EndProject
Global
	GlobalSection(SolutionConfigurationPlatforms) = preSolution
		Debug|ARM = Debug|ARM
		Debug|ARM64 = Debug|ARM64
		Debug|x64 = Debug|x64
		Debug|x86 = Debug|x86
		Release|ARM = Release|ARM
		Release|ARM64 = Release|ARM64
		Release|x64 = Release|x64
		Release|x86 = Release|x86
	EndGlobalSection
	GlobalSection(ProjectConfigurationPlatforms) = postSolution
		{8B63366A-9879-424F-B056-82EDB62FBCDD}.Debug|ARM.ActiveCfg = Debug|Win32
		{8B63366A-9879-424F-B056-82EDB62FBCDD}.Debug|ARM64.ActiveCfg = Debug|Win32
		{8B63366A-9879-424F-B056-82EDB62FBCDD}.Debug|x64.ActiveCfg = Debug|x64
		{8B63366A-9879-424F-B056-82EDB62FBCDD}.Debug|x64.Build.0 = Debug|x64
		{8B63366A-9879-424F-B056-82EDB62FBCDD}.Debug|x86.ActiveCfg = Debug|Win32
		{8B63366A-9879-424F-B056-82EDB62FBCDD}.Debug|x86.Build.0 = Debug|Win32
		{8B63366A-9879-424F-B056-82EDB62FBCDD}.Release|ARM.ActiveCfg = Release|Win32
		{8B63366A-9879-424F-B056-82EDB62FBCDD}.Release|ARM64.ActiveCfg = Release|Win32
		{8B63366A-9879-424F-B056-82EDB62FBCDD}.Release|x64.ActiveCfg = Release|x64
		{8B63366A-9879-424F-B056-82EDB62FBCDD}.Release|x64.Build.0 = Release|x64
		{8B63366A-9879-424F-B056-82EDB62FBCDD}.Release|x86.ActiveCfg = Release|Win32
		{8B63366A-9879-424F-B056-82EDB62FBCDD}.Release|x86.Build.0 = Release|Win32
		{6B85C905-C29D-4CAF-8CF3-D5B7491859D5}.Debug|ARM.ActiveCfg = Debug|ARM
		{6B85C905-C29D-4CAF-8CF3-D5B7491859D5}.Debug|ARM.Build.0 = Debug|ARM
		{6B85C905-C29D-4CAF-8CF3-D5B7491859D5}.Debug|ARM.Deploy.0 = Debug|ARM
		{6B85C905-C29D-4CAF-8CF3-D5B7491859D5}.Debug|ARM64.ActiveCfg = Debug|ARM64
		{6B85C905-C29D-4CAF-8CF3-D5B7491859D5}.Debug|ARM64.Build.0 = Debug|ARM64
		{6B85C905-C29D-4CAF-8CF3-D5B7491859D5}.Debug|ARM64.Deploy.0 = Debug|ARM64
		{6B85C905-C29D-4CAF-8CF3-D5B7491859D5}.Debug|x64.ActiveCfg = Debug|x64
		{6B85C905-C29D-4CAF-8CF3-D5B7491859D5}.Debug|x64.Build.0 = Debug|x64
		{6B85C905-C29D-4CAF-8CF3-D5B7491859D5}.Debug|x64.Deploy.0 = Debug|x64
		{6B85C905-C29D-4CAF-8CF3-D5B7491859D5}.Debug|x86.ActiveCfg = Debug|Win32
		{6B85C905-C29D-4CAF-8CF3-D5B7491859D5}.Debug|x86.Build.0 = Debug|Win32
		{6B85C905-C29D-4CAF-8CF3-D5B7491859D5}.Debug|x86.Deploy.0 = Debug|Win32
		{6B85C905-C29D-4CAF-8CF3-D5B7491859D5}.Release|ARM.ActiveCfg = Release|ARM
		{6B85C905-C29D-4CAF-8CF3-D5B7491859D5}.Release|ARM.Build.0 = Release|ARM
		{6B85C905-C29D-4CAF-8CF3-D5B7491859D5}.Release|ARM.Deploy.0 = Release|ARM
		{6B85C905-C29D-4CAF-8CF3-D5B7491859D5}.Release|ARM64.ActiveCfg = Release|ARM64
		{6B85C905-C29D-4CAF-8CF3-D5B7491859D5}.Release|ARM64.Build.0 = Release|ARM64
		{6B85C905-C29D-4CAF-8CF3-D5B7491859D5}.Release|ARM64.Deploy.0 = Release|ARM64
		{6B85C905-C29D-4CAF-8CF3-D5B7491859D5}.Release|x64.ActiveCfg = Release|x64
		{6B85C905-C29D-4CAF-8CF3-D5B7491859D5}.Release|x64.Build.0 = Release|x64
		{6B85C905-C29D-4CAF-8CF3-D5B7491859D5}.Release|x64.Deploy.0 = Release|x64
		{6B85C905-C29D-4CAF-8CF3-D5B7491859D5}.Release|x86.ActiveCfg = Release|Win32
		{6B85C905-C29D-4CAF-8CF3-D5B7491859D5}.Release|x86.Build.0 = Release|Win32
		{6B85C905-C29D-4CAF-8CF3-D5B7491859D5}.Release|x86.Deploy.0 = Release|Win32
		{1E0D32A6-3994-4F1D-89DA-50EC4B3A8442}.Debug|ARM.ActiveCfg = Debug|ARM
		{1E0D32A6-3994-4F1D-89DA-50EC4B3A8442}.Debug|ARM.Build.0 = Debug|ARM
		{1E0D32A6-3994-4F1D-89DA-50EC4B3A8442}.Debug|ARM.Deploy.0 = Debug|ARM
		{1E0D32A6-3994-4F1D-89DA-50EC4B3A8442}.Debug|ARM64.ActiveCfg = Debug|ARM64
		{1E0D32A6-3994-4F1D-89DA-50EC4B3A8442}.Debug|ARM64.Build.0 = Debug|ARM64
		{1E0D32A6-3994-4F1D-89DA-50EC4B3A8442}.Debug|ARM64.Deploy.0 = Debug|ARM64
		{1E0D32A6-3994-4F1D-89DA-50EC4B3A8442}.Debug|x64.ActiveCfg = Debug|x64
		{1E0D32A6-3994-4F1D-89DA-50EC4B3A8442}.Debug|x64.Build.0 = Debug|x64
		{1E0D32A6-3994-4F1D-89DA-50EC4B3A8442}.Debug|x64.Deploy.0 = Debug|x64
		{1E0D32A6-3994-4F1D-89DA-50EC4B3A8442}.Debug|x86.ActiveCfg = Debug|Win32
		{1E0D32A6-3994-4F1D-89DA-50EC4B3A8442}.Debug|x86.Build.0 = Debug|Win32
		{1E0D32A6-3994-4F1D-89DA-50EC4B3A8442}.Debug|x86.Deploy.0 = Debug|Win32
		{1E0D32A6-3994-4F1D-89DA-50EC4B3A8442}.Release|ARM.ActiveCfg = Release|ARM
		{1E0D32A6-3994-4F1D-89DA-50EC4B3A8442}.Release|ARM.Build.0 = Release|ARM
		{1E0D32A6-3994-4F1D-89DA-50EC4B3A8442}.Release|ARM.Deploy.0 = Release|ARM
		{1E0D32A6-3994-4F1D-89DA-50EC4B3A8442}.Release|ARM64.ActiveCfg = Release|ARM64
		{1E0D32A6-3994-4F1D-89DA-50EC4B3A8442}.Release|ARM64.Build.0 = Release|ARM64
		{1E0D32A6-3994-4F1D-89DA-50EC4B3A8442}.Release|ARM64.Deploy.0 = Release|ARM64
		{1E0D32A6-3994-4F1D-89DA-50EC4B3A8442}.Release|x64.ActiveCfg = Release|x64
		{1E0D32A6-3994-4F1D-89DA-50EC4B3A8442}.Release|x64.Build.0 = Release|x64
		{1E0D32A6-3994-4F1D-89DA-50EC4B3A8442}.Release|x64.Deploy.0 = Release|x64
		{1E0D32A6-3994-4F1D-89DA-50EC4B3A8442}.Release|x86.ActiveCfg = Release|Win32
		{1E0D32A6-3994-4F1D-89DA-50EC4B3A8442}.Release|x86.Build.0 = Release|Win32
		{1E0D32A6-3994-4F1D-89DA-50EC4B3A8442}.Release|x86.Deploy.0 = Release|Win32
		{2D90E9A8-031C-407E-AE71-58EA7103932A}.Debug|ARM.ActiveCfg = Debug|Win32
		{2D90E9A8-031C-407E-AE71-58EA7103932A}.Debug|ARM64.ActiveCfg = Debug|Win32
		{2D90E9A8-031C-407E-AE71-58EA7103932A}.Debug|x64.ActiveCfg = Debug|x64
		{2D90E9A8-031C-407E-AE71-58EA7103932A}.Debug|x64.Build.0 = Debug|x64
		{2D90E9A8-031C-407E-AE71-58EA7103932A}.Debug|x86.ActiveCfg = Debug|Win32
		{2D90E9A8-031C-407E-AE71-58EA7103932A}.Debug|x86.Build.0 = Debug|Win32
		{2D90E9A8-031C-407E-AE71-58EA7103932A}.Release|ARM.ActiveCfg = Release|Win32
		{2D90E9A8-031C-407E-AE71-58EA7103932A}.Release|ARM64.ActiveCfg = Release|Win32
		{2D90E9A8-031C-407E-AE71-58EA7103932A}.Release|x64.ActiveCfg = Release|x64
		{2D90E9A8-031C-407E-AE71-58EA7103932A}.Release|x64.Build.0 = Release|x64
		{2D90E9A8-031C-407E-AE71-58EA7103932A}.Release|x86.ActiveCfg = Release|Win32
		{2D90E9A8-031C-407E-AE71-58EA7103932A}.Release|x86.Build.0 = Release|Win32
		{274EEF16-1D06-4FD6-91CA-D06B4B8F56A6}.Debug|ARM.ActiveCfg = Debug|ARM
		{274EEF16-1D06-4FD6-91CA-D06B4B8F56A6}.Debug|ARM.Build.0 = Debug|ARM
		{274EEF16-1D06-4FD6-91CA-D06B4B8F56A6}.Debug|ARM.Deploy.0 = Debug|ARM
		{274EEF16-1D06-4FD6-91CA-D06B4B8F56A6}.Debug|ARM64.ActiveCfg = Debug|ARM64
		{274EEF16-1D06-4FD6-91CA-D06B4B8F56A6}.Debug|ARM64.Build.0 = Debug|ARM64
		{274EEF16-1D06-4FD6-91CA-D06B4B8F56A6}.Debug|ARM64.Deploy.0 = Debug|ARM64
		{274EEF16-1D06-4FD6-91CA-D06B4B8F56A6}.Debug|x64.ActiveCfg = Debug|x64
		{274EEF16-1D06-4FD6-91CA-D06B4B8F56A6}.Debug|x64.Build.0 = Debug|x64
		{274EEF16-1D06-4FD6-91CA-D06B4B8F56A6}.Debug|x64.Deploy.0 = Debug|x64
		{274EEF16-1D06-4FD6-91CA-D06B4B8F56A6}.Debug|x86.ActiveCfg = Debug|Win32
		{274EEF16-1D06-4FD6-91CA-D06B4B8F56A6}.Debug|x86.Build.0 = Debug|Win32
		{274EEF16-1D06-4FD6-91CA-D06B4B8F56A6}.Debug|x86.Deploy.0 = Debug|Win32
		{274EEF16-1D06-4FD6-91CA-D06B4B8F56A6}.Release|ARM.ActiveCfg = Release|ARM
		{274EEF16-1D06-4FD6-91CA-D06B4B8F56A6}.Release|ARM.Build.0 = Release|ARM
		{274EEF16-1D06-4FD6-91CA-D06B4B8F56A6}.Release|ARM.Deploy.0 = Release|ARM
		{274EEF16-1D06-4FD6-91CA-D06B4B8F56A6}.Release|ARM64.ActiveCfg = Release|ARM64
		{274EEF16-1D06-4FD6-91CA-D06B4B8F56A6}.Release|ARM64.Build.0 = Release|ARM64
		{274EEF16-1D06-4FD6-91CA-D06B4B8F56A6}.Release|ARM64.Deploy.0 = Release|ARM64
		{274EEF16-1D06-4FD6-91CA-D06B4B8F56A6}.Release|x64.ActiveCfg = Release|x64
		{274EEF16-1D06-4FD6-91CA-D06B4B8F56A6}.Release|x64.Build.0 = Release|x64
		{274EEF16-1D06-4FD6-91CA-D06B4B8F56A6}.Release|x64.Deploy.0 = Release|x64
		{274EEF16-1D06-4FD6-91CA-D06B4B8F56A6}.Release|x86.ActiveCfg = Release|Win32
		{274EEF16-1D06-4FD6-91CA-D06B4B8F56A6}.Release|x86.Build.0 = Release|Win32
		{274EEF16-1D06-4FD6-91CA-D06B4B8F56A6}.Release|x86.Deploy.0 = Release|Win32
		{E936A2BB-6216-4726-907E-64710C6FB29E}.Debug|ARM.ActiveCfg = Debug|Win32
		{E936A2BB-6216-4726-907E-64710C6FB29E}.Debug|ARM64.ActiveCfg = Debug|Win32
		{E936A2BB-6216-4726-907E-64710C6FB29E}.Debug|x64.ActiveCfg = Debug|x64
		{E936A2BB-6216-4726-907E-64710C6FB29E}.Debug|x64.Build.0 = Debug|x64
		{E936A2BB-6216-4726-907E-64710C6FB29E}.Debug|x86.ActiveCfg = Debug|Win32
		{E936A2BB-6216-4726-907E-64710C6FB29E}.Debug|x86.Build.0 = Debug|Win32
		{E936A2BB-6216-4726-907E-64710C6FB29E}.Release|ARM.ActiveCfg = Release|Win32
		{E936A2BB-6216-4726-907E-64710C6FB29E}.Release|ARM64.ActiveCfg = Release|Win32
		{E936A2BB-6216-4726-907E-64710C6FB29E}.Release|x64.ActiveCfg = Release|x64
		{E936A2BB-6216-4726-907E-64710C6FB29E}.Release|x64.Build.0 = Release|x64
		{E936A2BB-6216-4726-907E-64710C6FB29E}.Release|x86.ActiveCfg = Release|Win32
		{E936A2BB-6216-4726-907E-64710C6FB29E}.Release|x86.Build.0 = Release|Win32
		{4B27350F-5138-469A-AFC7-59691FE045BB}.Debug|ARM.ActiveCfg = Debug|ARM
		{4B27350F-5138-469A-AFC7-59691FE045BB}.Debug|ARM.Build.0 = Debug|ARM
		{4B27350F-5138-469A-AFC7-59691FE045BB}.Debug|ARM.Deploy.0 = Debug|ARM
		{4B27350F-5138-469A-AFC7-59691FE045BB}.Debug|ARM64.ActiveCfg = Debug|ARM64
		{4B27350F-5138-469A-AFC7-59691FE045BB}.Debug|ARM64.Build.0 = Debug|ARM64
		{4B27350F-5138-469A-AFC7-59691FE045BB}.Debug|ARM64.Deploy.0 = Debug|ARM64
		{4B27350F-5138-469A-AFC7-59691FE045BB}.Debug|x64.ActiveCfg = Debug|x64
		{4B27350F-5138-469A-AFC7-59691FE045BB}.Debug|x64.Build.0 = Debug|x64
		{4B27350F-5138-469A-AFC7-59691FE045BB}.Debug|x64.Deploy.0 = Debug|x64
		{4B27350F-5138-469A-AFC7-59691FE045BB}.Debug|x86.ActiveCfg = Debug|Win32
		{4B27350F-5138-469A-AFC7-59691FE045BB}.Debug|x86.Build.0 = Debug|Win32
		{4B27350F-5138-469A-AFC7-59691FE045BB}.Debug|x86.Deploy.0 = Debug|Win32
		{4B27350F-5138-469A-AFC7-59691FE045BB}.Release|ARM.ActiveCfg = Release|ARM
		{4B27350F-5138-469A-AFC7-59691FE045BB}.Release|ARM.Build.0 = Release|ARM
		{4B27350F-5138-469A-AFC7-59691FE045BB}.Release|ARM.Deploy.0 = Release|ARM
		{4B27350F-5138-469A-AFC7-59691FE045BB}.Release|ARM64.ActiveCfg = Release|ARM64
		{4B27350F-5138-469A-AFC7-59691FE045BB}.Release|ARM64.Build.0 = Release|ARM64
		{4B27350F-5138-469A-AFC7-59691FE045BB}.Release|ARM64.Deploy.0 = Release|ARM64
		{4B27350F-5138-469A-AFC7-59691FE045BB}.Release|x64.ActiveCfg = Release|x64
		{4B27350F-5138-469A-AFC7-59691FE045BB}.Release|x64.Build.0 = Release|x64
		{4B27350F-5138-469A-AFC7-59691FE045BB}.Release|x64.Deploy.0 = Release|x64
		{4B27350F-5138-469A-AFC7-59691FE045BB}.Release|x86.ActiveCfg = Release|Win32
		{4B27350F-5138-469A-AFC7-59691FE045BB}.Release|x86.Build.0 = Release|Win32
		{4B27350F-5138-469A-AFC7-59691FE045BB}.Release|x86.Deploy.0 = Release|Win32
		{35FF1CA2-96C4-44F9-951A-8EE71B24EC55}.Debug|ARM.ActiveCfg = Debug|Win32
		{35FF1CA2-96C4-44F9-951A-8EE71B24EC55}.Debug|ARM64.ActiveCfg = Debug|Win32
		{35FF1CA2-96C4-44F9-951A-8EE71B24EC55}.Debug|x64.ActiveCfg = Debug|x64
		{35FF1CA2-96C4-44F9-951A-8EE71B24EC55}.Debug|x64.Build.0 = Debug|x64
		{35FF1CA2-96C4-44F9-951A-8EE71B24EC55}.Debug|x86.ActiveCfg = Debug|Win32
		{35FF1CA2-96C4-44F9-951A-8EE71B24EC55}.Debug|x86.Build.0 = Debug|Win32
		{35FF1CA2-96C4-44F9-951A-8EE71B24EC55}.Release|ARM.ActiveCfg = Release|Win32
		{35FF1CA2-96C4-44F9-951A-8EE71B24EC55}.Release|ARM64.ActiveCfg = Release|Win32
		{35FF1CA2-96C4-44F9-951A-8EE71B24EC55}.Release|x64.ActiveCfg = Release|x64
		{35FF1CA2-96C4-44F9-951A-8EE71B24EC55}.Release|x64.Build.0 = Release|x64
		{35FF1CA2-96C4-44F9-951A-8EE71B24EC55}.Release|x86.ActiveCfg = Release|Win32
		{35FF1CA2-96C4-44F9-951A-8EE71B24EC55}.Release|x86.Build.0 = Release|Win32
		{CE94C72A-5DAC-4AF1-B9F5-AD95A127885C}.Debug|ARM.ActiveCfg = Debug|ARM
		{CE94C72A-5DAC-4AF1-B9F5-AD95A127885C}.Debug|ARM.Build.0 = Debug|ARM
		{CE94C72A-5DAC-4AF1-B9F5-AD95A127885C}.Debug|ARM.Deploy.0 = Debug|ARM
		{CE94C72A-5DAC-4AF1-B9F5-AD95A127885C}.Debug|ARM64.ActiveCfg = Debug|ARM64
		{CE94C72A-5DAC-4AF1-B9F5-AD95A127885C}.Debug|ARM64.Build.0 = Debug|ARM64
		{CE94C72A-5DAC-4AF1-B9F5-AD95A127885C}.Debug|ARM64.Deploy.0 = Debug|ARM64
		{CE94C72A-5DAC-4AF1-B9F5-AD95A127885C}.Debug|x64.ActiveCfg = Debug|x64
		{CE94C72A-5DAC-4AF1-B9F5-AD95A127885C}.Debug|x64.Build.0 = Debug|x64
		{CE94C72A-5DAC-4AF1-B9F5-AD95A127885C}.Debug|x64.Deploy.0 = Debug|x64
		{CE94C72A-5DAC-4AF1-B9F5-AD95A127885C}.Debug|x86.ActiveCfg = Debug|Win32
		{CE94C72A-5DAC-4AF1-B9F5-AD95A127885C}.Debug|x86.Build.0 = Debug|Win32
		{CE94C72A-5DAC-4AF1-B9F5-AD95A127885C}.Debug|x86.Deploy.0 = Debug|Win32
		{CE94C72A-5DAC-4AF1-B9F5-AD95A127885C}.Release|ARM.ActiveCfg = Release|ARM
		{CE94C72A-5DAC-4AF1-B9F5-AD95A127885C}.Release|ARM.Build.0 = Release|ARM
		{CE94C72A-5DAC-4AF1-B9F5-AD95A127885C}.Release|ARM.Deploy.0 = Release|ARM
		{CE94C72A-5DAC-4AF1-B9F5-AD95A127885C}.Release|ARM64.ActiveCfg = Release|ARM64
		{CE94C72A-5DAC-4AF1-B9F5-AD95A127885C}.Release|ARM64.Build.0 = Release|ARM64
		{CE94C72A-5DAC-4AF1-B9F5-AD95A127885C}.Release|ARM64.Deploy.0 = Release|ARM64
		{CE94C72A-5DAC-4AF1-B9F5-AD95A127885C}.Release|x64.ActiveCfg = Release|x64
		{CE94C72A-5DAC-4AF1-B9F5-AD95A127885C}.Release|x64.Build.0 = Release|x64
		{CE94C72A-5DAC-4AF1-B9F5-AD95A127885C}.Release|x64.Deploy.0 = Release|x64
		{CE94C72A-5DAC-4AF1-B9F5-AD95A127885C}.Release|x86.ActiveCfg = Release|Win32
		{CE94C72A-5DAC-4AF1-B9F5-AD95A127885C}.Release|x86.Build.0 = Release|Win32
		{CE94C72A-5DAC-4AF1-B9F5-AD95A127885C}.Release|x86.Deploy.0 = Release|Win32
		{4DE0090A-C091-4B17-B2DD-F1E3E9C03B51}.Debug|ARM.ActiveCfg = Debug|ARM
		{4DE0090A-C091-4B17-B2DD-F1E3E9C03B51}.Debug|ARM.Build.0 = Debug|ARM
		{4DE0090A-C091-4B17-B2DD-F1E3E9C03B51}.Debug|ARM.Deploy.0 = Debug|ARM
		{4DE0090A-C091-4B17-B2DD-F1E3E9C03B51}.Debug|ARM64.ActiveCfg = Debug|ARM64
		{4DE0090A-C091-4B17-B2DD-F1E3E9C03B51}.Debug|ARM64.Build.0 = Debug|ARM64
		{4DE0090A-C091-4B17-B2DD-F1E3E9C03B51}.Debug|ARM64.Deploy.0 = Debug|ARM64
		{4DE0090A-C091-4B17-B2DD-F1E3E9C03B51}.Debug|x64.ActiveCfg = Debug|x64
		{4DE0090A-C091-4B17-B2DD-F1E3E9C03B51}.Debug|x64.Build.0 = Debug|x64
		{4DE0090A-C091-4B17-B2DD-F1E3E9C03B51}.Debug|x64.Deploy.0 = Debug|x64
		{4DE0090A-C091-4B17-B2DD-F1E3E9C03B51}.Debug|x86.ActiveCfg = Debug|Win32
		{4DE0090A-C091-4B17-B2DD-F1E3E9C03B51}.Debug|x86.Build.0 = Debug|Win32
		{4DE0090A-C091-4B17-B2DD-F1E3E9C03B51}.Debug|x86.Deploy.0 = Debug|Win32
		{4DE0090A-C091-4B17-B2DD-F1E3E9C03B51}.Release|ARM.ActiveCfg = Release|ARM
		{4DE0090A-C091-4B17-B2DD-F1E3E9C03B51}.Release|ARM.Build.0 = Release|ARM
		{4DE0090A-C091-4B17-B2DD-F1E3E9C03B51}.Release|ARM.Deploy.0 = Release|ARM
		{4DE0090A-C091-4B17-B2DD-F1E3E9C03B51}.Release|ARM64.ActiveCfg = Release|ARM64
		{4DE0090A-C091-4B17-B2DD-F1E3E9C03B51}.Release|ARM64.Build.0 = Release|ARM64
		{4DE0090A-C091-4B17-B2DD-F1E3E9C03B51}.Release|ARM64.Deploy.0 = Release|ARM64
		{4DE0090A-C091-4B17-B2DD-F1E3E9C03B51}.Release|x64.ActiveCfg = Release|x64
		{4DE0090A-C091-4B17-B2DD-F1E3E9C03B51}.Release|x64.Build.0 = Release|x64
		{4DE0090A-C091-4B17-B2DD-F1E3E9C03B51}.Release|x64.Deploy.0 = Release|x64
		{4DE0090A-C091-4B17-B2DD-F1E3E9C03B51}.Release|x86.ActiveCfg = Release|Win32
		{4DE0090A-C091-4B17-B2DD-F1E3E9C03B51}.Release|x86.Build.0 = Release|Win32
		{4DE0090A-C091-4B17-B2DD-F1E3E9C03B51}.Release|x86.Deploy.0 = Release|Win32
		{67F13600-6CB0-4392-A4C7-EB55ACBB6083}.Debug|ARM.ActiveCfg = Debug|Win32
		{67F13600-6CB0-4392-A4C7-EB55ACBB6083}.Debug|ARM64.ActiveCfg = Debug|Win32
		{67F13600-6CB0-4392-A4C7-EB55ACBB6083}.Debug|x64.ActiveCfg = Debug|x64
		{67F13600-6CB0-4392-A4C7-EB55ACBB6083}.Debug|x64.Build.0 = Debug|x64
		{67F13600-6CB0-4392-A4C7-EB55ACBB6083}.Debug|x86.ActiveCfg = Debug|Win32
		{67F13600-6CB0-4392-A4C7-EB55ACBB6083}.Debug|x86.Build.0 = Debug|Win32
		{67F13600-6CB0-4392-A4C7-EB55ACBB6083}.Release|ARM.ActiveCfg = Release|Win32
		{67F13600-6CB0-4392-A4C7-EB55ACBB6083}.Release|ARM64.ActiveCfg = Release|Win32
		{67F13600-6CB0-4392-A4C7-EB55ACBB6083}.Release|x64.ActiveCfg = Release|x64
		{67F13600-6CB0-4392-A4C7-EB55ACBB6083}.Release|x64.Build.0 = Release|x64
		{67F13600-6CB0-4392-A4C7-EB55ACBB6083}.Release|x86.ActiveCfg = Release|Win32
		{67F13600-6CB0-4392-A4C7-EB55ACBB6083}.Release|x86.Build.0 = Release|Win32
		{25FB2942-975F-4349-A9F2-40AF73363D11}.Debug|ARM.ActiveCfg = Debug|ARM
		{25FB2942-975F-4349-A9F2-40AF73363D11}.Debug|ARM.Build.0 = Debug|ARM
		{25FB2942-975F-4349-A9F2-40AF73363D11}.Debug|ARM.Deploy.0 = Debug|ARM
		{25FB2942-975F-4349-A9F2-40AF73363D11}.Debug|ARM64.ActiveCfg = Debug|ARM64
		{25FB2942-975F-4349-A9F2-40AF73363D11}.Debug|ARM64.Build.0 = Debug|ARM64
		{25FB2942-975F-4349-A9F2-40AF73363D11}.Debug|ARM64.Deploy.0 = Debug|ARM64
		{25FB2942-975F-4349-A9F2-40AF73363D11}.Debug|x64.ActiveCfg = Debug|x64
		{25FB2942-975F-4349-A9F2-40AF73363D11}.Debug|x64.Build.0 = Debug|x64
		{25FB2942-975F-4349-A9F2-40AF73363D11}.Debug|x64.Deploy.0 = Debug|x64
		{25FB2942-975F-4349-A9F2-40AF73363D11}.Debug|x86.ActiveCfg = Debug|Win32
		{25FB2942-975F-4349-A9F2-40AF73363D11}.Debug|x86.Build.0 = Debug|Win32
		{25FB2942-975F-4349-A9F2-40AF73363D11}.Debug|x86.Deploy.0 = Debug|Win32
		{25FB2942-975F-4349-A9F2-40AF73363D11}.Release|ARM.ActiveCfg = Release|ARM
		{25FB2942-975F-4349-A9F2-40AF73363D11}.Release|ARM.Build.0 = Release|ARM
		{25FB2942-975F-4349-A9F2-40AF73363D11}.Release|ARM.Deploy.0 = Release|ARM
		{25FB2942-975F-4349-A9F2-40AF73363D11}.Release|ARM64.ActiveCfg = Release|ARM64
		{25FB2942-975F-4349-A9F2-40AF73363D11}.Release|ARM64.Build.0 = Release|ARM64
		{25FB2942-975F-4349-A9F2-40AF73363D11}.Release|ARM64.Deploy.0 = Release|ARM64
		{25FB2942-975F-4349-A9F2-40AF73363D11}.Release|x64.ActiveCfg = Release|x64
		{25FB2942-975F-4349-A9F2-40AF73363D11}.Release|x64.Build.0 = Release|x64
		{25FB2942-975F-4349-A9F2-40AF73363D11}.Release|x64.Deploy.0 = Release|x64
		{25FB2942-975F-4349-A9F2-40AF73363D11}.Release|x86.ActiveCfg = Release|Win32
		{25FB2942-975F-4349-A9F2-40AF73363D11}.Release|x86.Build.0 = Release|Win32
		{25FB2942-975F-4349-A9F2-40AF73363D11}.Release|x86.Deploy.0 = Release|Win32
		{497105BD-4302-4A23-9EF5-DBA658E5A5F2}.Debug|ARM.ActiveCfg = Debug|Win32
		{497105BD-4302-4A23-9EF5-DBA658E5A5F2}.Debug|ARM64.ActiveCfg = Debug|Win32
		{497105BD-4302-4A23-9EF5-DBA658E5A5F2}.Debug|x64.ActiveCfg = Debug|x64
		{497105BD-4302-4A23-9EF5-DBA658E5A5F2}.Debug|x64.Build.0 = Debug|x64
		{497105BD-4302-4A23-9EF5-DBA658E5A5F2}.Debug|x86.ActiveCfg = Debug|Win32
		{497105BD-4302-4A23-9EF5-DBA658E5A5F2}.Debug|x86.Build.0 = Debug|Win32
		{497105BD-4302-4A23-9EF5-DBA658E5A5F2}.Release|ARM.ActiveCfg = Release|Win32
		{497105BD-4302-4A23-9EF5-DBA658E5A5F2}.Release|ARM64.ActiveCfg = Release|Win32
		{497105BD-4302-4A23-9EF5-DBA658E5A5F2}.Release|x64.ActiveCfg = Release|x64
		{497105BD-4302-4A23-9EF5-DBA658E5A5F2}.Release|x64.Build.0 = Release|x64
		{497105BD-4302-4A23-9EF5-DBA658E5A5F2}.Release|x86.ActiveCfg = Release|Win32
		{497105BD-4302-4A23-9EF5-DBA658E5A5F2}.Release|x86.Build.0 = Release|Win32
		{0E61740A-E9C2-46E1-98E2-CB1DE4BE1C2E}.Debug|ARM.ActiveCfg = Debug|Win32
		{0E61740A-E9C2-46E1-98E2-CB1DE4BE1C2E}.Debug|ARM64.ActiveCfg = Debug|Win32
		{0E61740A-E9C2-46E1-98E2-CB1DE4BE1C2E}.Debug|x64.ActiveCfg = Debug|x64
		{0E61740A-E9C2-46E1-98E2-CB1DE4BE1C2E}.Debug|x64.Build.0 = Debug|x64
		{0E61740A-E9C2-46E1-98E2-CB1DE4BE1C2E}.Debug|x86.ActiveCfg = Debug|Win32
		{0E61740A-E9C2-46E1-98E2-CB1DE4BE1C2E}.Debug|x86.Build.0 = Debug|Win32
		{0E61740A-E9C2-46E1-98E2-CB1DE4BE1C2E}.Release|ARM.ActiveCfg = Release|Win32
		{0E61740A-E9C2-46E1-98E2-CB1DE4BE1C2E}.Release|ARM64.ActiveCfg = Release|Win32
		{0E61740A-E9C2-46E1-98E2-CB1DE4BE1C2E}.Release|x64.ActiveCfg = Release|x64
		{0E61740A-E9C2-46E1-98E2-CB1DE4BE1C2E}.Release|x64.Build.0 = Release|x64
		{0E61740A-E9C2-46E1-98E2-CB1DE4BE1C2E}.Release|x86.ActiveCfg = Release|Win32
		{0E61740A-E9C2-46E1-98E2-CB1DE4BE1C2E}.Release|x86.Build.0 = Release|Win32
		{D2A67051-DBBD-40E7-AE29-0426ACD29F0E}.Debug|ARM.ActiveCfg = Debug|ARM
		{D2A67051-DBBD-40E7-AE29-0426ACD29F0E}.Debug|ARM.Build.0 = Debug|ARM
		{D2A67051-DBBD-40E7-AE29-0426ACD29F0E}.Debug|ARM.Deploy.0 = Debug|ARM
		{D2A67051-DBBD-40E7-AE29-0426ACD29F0E}.Debug|ARM64.ActiveCfg = Debug|ARM64
		{D2A67051-DBBD-40E7-AE29-0426ACD29F0E}.Debug|ARM64.Build.0 = Debug|ARM64
		{D2A67051-DBBD-40E7-AE29-0426ACD29F0E}.Debug|ARM64.Deploy.0 = Debug|ARM64
		{D2A67051-DBBD-40E7-AE29-0426ACD29F0E}.Debug|x64.ActiveCfg = Debug|x64
		{D2A67051-DBBD-40E7-AE29-0426ACD29F0E}.Debug|x64.Build.0 = Debug|x64
		{D2A67051-DBBD-40E7-AE29-0426ACD29F0E}.Debug|x64.Deploy.0 = Debug|x64
		{D2A67051-DBBD-40E7-AE29-0426ACD29F0E}.Debug|x86.ActiveCfg = Debug|Win32
		{D2A67051-DBBD-40E7-AE29-0426ACD29F0E}.Debug|x86.Build.0 = Debug|Win32
		{D2A67051-DBBD-40E7-AE29-0426ACD29F0E}.Debug|x86.Deploy.0 = Debug|Win32
		{D2A67051-DBBD-40E7-AE29-0426ACD29F0E}.Release|ARM.ActiveCfg = Release|ARM
		{D2A67051-DBBD-40E7-AE29-0426ACD29F0E}.Release|ARM.Build.0 = Release|ARM
		{D2A67051-DBBD-40E7-AE29-0426ACD29F0E}.Release|ARM.Deploy.0 = Release|ARM
		{D2A67051-DBBD-40E7-AE29-0426ACD29F0E}.Release|ARM64.ActiveCfg = Release|ARM64
		{D2A67051-DBBD-40E7-AE29-0426ACD29F0E}.Release|ARM64.Build.0 = Release|ARM64
		{D2A67051-DBBD-40E7-AE29-0426ACD29F0E}.Release|ARM64.Deploy.0 = Release|ARM64
		{D2A67051-DBBD-40E7-AE29-0426ACD29F0E}.Release|x64.ActiveCfg = Release|x64
		{D2A67051-DBBD-40E7-AE29-0426ACD29F0E}.Release|x64.Build.0 = Release|x64
		{D2A67051-DBBD-40E7-AE29-0426ACD29F0E}.Release|x64.Deploy.0 = Release|x64
		{D2A67051-DBBD-40E7-AE29-0426ACD29F0E}.Release|x86.ActiveCfg = Release|Win32
		{D2A67051-DBBD-40E7-AE29-0426ACD29F0E}.Release|x86.Build.0 = Release|Win32
		{D2A67051-DBBD-40E7-AE29-0426ACD29F0E}.Release|x86.Deploy.0 = Release|Win32
		{7940BE42-6C79-4697-98EE-DD6883D1A97F}.Debug|ARM.ActiveCfg = Debug|Win32
		{7940BE42-6C79-4697-98EE-DD6883D1A97F}.Debug|ARM64.ActiveCfg = Debug|Win32
		{7940BE42-6C79-4697-98EE-DD6883D1A97F}.Debug|x64.ActiveCfg = Debug|x64
		{7940BE42-6C79-4697-98EE-DD6883D1A97F}.Debug|x64.Build.0 = Debug|x64
		{7940BE42-6C79-4697-98EE-DD6883D1A97F}.Debug|x86.ActiveCfg = Debug|Win32
		{7940BE42-6C79-4697-98EE-DD6883D1A97F}.Debug|x86.Build.0 = Debug|Win32
		{7940BE42-6C79-4697-98EE-DD6883D1A97F}.Release|ARM.ActiveCfg = Release|Win32
		{7940BE42-6C79-4697-98EE-DD6883D1A97F}.Release|ARM64.ActiveCfg = Release|Win32
		{7940BE42-6C79-4697-98EE-DD6883D1A97F}.Release|x64.ActiveCfg = Release|x64
		{7940BE42-6C79-4697-98EE-DD6883D1A97F}.Release|x64.Build.0 = Release|x64
		{7940BE42-6C79-4697-98EE-DD6883D1A97F}.Release|x86.ActiveCfg = Release|Win32
		{7940BE42-6C79-4697-98EE-DD6883D1A97F}.Release|x86.Build.0 = Release|Win32
		{405CC23B-0DDB-4C86-AE79-11D6193DE90C}.Debug|ARM.ActiveCfg = Debug|Win32
		{405CC23B-0DDB-4C86-AE79-11D6193DE90C}.Debug|ARM64.ActiveCfg = Debug|Win32
		{405CC23B-0DDB-4C86-AE79-11D6193DE90C}.Debug|x64.ActiveCfg = Debug|x64
		{405CC23B-0DDB-4C86-AE79-11D6193DE90C}.Debug|x64.Build.0 = Debug|x64
		{405CC23B-0DDB-4C86-AE79-11D6193DE90C}.Debug|x86.ActiveCfg = Debug|Win32
		{405CC23B-0DDB-4C86-AE79-11D6193DE90C}.Debug|x86.Build.0 = Debug|Win32
		{405CC23B-0DDB-4C86-AE79-11D6193DE90C}.Release|ARM.ActiveCfg = Release|Win32
		{405CC23B-0DDB-4C86-AE79-11D6193DE90C}.Release|ARM64.ActiveCfg = Release|Win32
		{405CC23B-0DDB-4C86-AE79-11D6193DE90C}.Release|x64.ActiveCfg = Release|x64
		{405CC23B-0DDB-4C86-AE79-11D6193DE90C}.Release|x64.Build.0 = Release|x64
		{405CC23B-0DDB-4C86-AE79-11D6193DE90C}.Release|x86.ActiveCfg = Release|Win32
		{405CC23B-0DDB-4C86-AE79-11D6193DE90C}.Release|x86.Build.0 = Release|Win32
	EndGlobalSection
	GlobalSection(SolutionProperties) = preSolution
		HideSolutionNode = FALSE
	EndGlobalSection
	GlobalSection(ExtensibilityGlobals) = postSolution
		SolutionGuid = {B483A096-71E6-4BF0-9DFD-C5B89452A731}
	EndGlobalSection
EndGlobal
