
Microsoft Visual Studio Solution File, Format Version 12.00
# Visual Studio Version 16
VisualStudioVersion = 16.0.29613.14
MinimumVisualStudioVersion = 10.0.40219.1
Project("{8BC9CEB8-8B4A-11D0-8D11-00A0C91BC942}") = "Booster", "Booster\Booster.vcxproj", "{8B63366A-9879-424F-B056-82EDB62FBCDD}"
EndProject
Project("{8BC9CEB8-8B4A-11D0-8D11-00A0C91BC942}") = "PriorityBooster", "PriorityBooster\PriorityBooster.vcxproj", "{6B85C905-C29D-4CAF-8CF3-D5B7491859D5}"
EndProject
Project("{8BC9CEB8-8B4A-11D0-8D11-00A0C91BC942}") = "Zero", "Zero\Zero.vcxproj", "{1E0D32A6-3994-4F1D-89DA-50EC4B3A8442}"
EndProject
Project("{8BC9CEB8-8B4A-11D0-8D11-00A0C91BC942}") = "ZeroTest", "ZeroTest\ZeroTest.vcxproj", "{2D90E9A8-031C-407E-AE71-58EA7103932A}"
EndProject
Global
	GlobalSection(SolutionConfigurationPlatforms) = preSolution
		Debug|ARM = Debug|ARM
		Debug|ARM64 = Debug|ARM64
		Debug|x64 = Debug|x64
		Debug|x86 = Debug|x86
		Release|ARM = Release|ARM
		Release|ARM64 = Release|ARM64
		Release|x64 = Release|x64
		Release|x86 = Release|x86
	EndGlobalSection
	GlobalSection(ProjectConfigurationPlatforms) = postSolution
		{8B63366A-9879-424F-B056-82EDB62FBCDD}.Debug|ARM.ActiveCfg = Debug|Win32
		{8B63366A-9879-424F-B056-82EDB62FBCDD}.Debug|ARM64.ActiveCfg = Debug|Win32
		{8B63366A-9879-424F-B056-82EDB62FBCDD}.Debug|x64.ActiveCfg = Debug|x64
		{8B63366A-9879-424F-B056-82EDB62FBCDD}.Debug|x64.Build.0 = Debug|x64
		{8B63366A-9879-424F-B056-82EDB62FBCDD}.Debug|x86.ActiveCfg = Debug|Win32
		{8B63366A-9879-424F-B056-82EDB62FBCDD}.Debug|x86.Build.0 = Debug|Win32
		{8B63366A-9879-424F-B056-82EDB62FBCDD}.Release|ARM.ActiveCfg = Release|Win32
		{8B63366A-9879-424F-B056-82EDB62FBCDD}.Release|ARM64.ActiveCfg = Release|Win32
		{8B63366A-9879-424F-B056-82EDB62FBCDD}.Release|x64.ActiveCfg = Release|x64
		{8B63366A-9879-424F-B056-82EDB62FBCDD}.Release|x64.Build.0 = Release|x64
		{8B63366A-9879-424F-B056-82EDB62FBCDD}.Release|x86.ActiveCfg = Release|Win32
		{8B63366A-9879-424F-B056-82EDB62FBCDD}.Release|x86.Build.0 = Release|Win32
		{6B85C905-C29D-4CAF-8CF3-D5B7491859D5}.Debug|ARM.ActiveCfg = Debug|ARM
		{6B85C905-C29D-4CAF-8CF3-D5B7491859D5}.Debug|ARM.Build.0 = Debug|ARM
		{6B85C905-C29D-4CAF-8CF3-D5B7491859D5}.Debug|ARM.Deploy.0 = Debug|ARM
		{6B85C905-C29D-4CAF-8CF3-D5B7491859D5}.Debug|ARM64.ActiveCfg = Debug|ARM64
		{6B85C905-C29D-4CAF-8CF3-D5B7491859D5}.Debug|ARM64.Build.0 = Debug|ARM64
		{6B85C905-C29D-4CAF-8CF3-D5B7491859D5}.Debug|ARM64.Deploy.0 = Debug|ARM64
		{6B85C905-C29D-4CAF-8CF3-D5B7491859D5}.Debug|x64.ActiveCfg = Debug|x64
		{6B85C905-C29D-4CAF-8CF3-D5B7491859D5}.Debug|x64.Build.0 = Debug|x64
		{6B85C905-C29D-4CAF-8CF3-D5B7491859D5}.Debug|x64.Deploy.0 = Debug|x64
		{6B85C905-C29D-4CAF-8CF3-D5B7491859D5}.Debug|x86.ActiveCfg = Debug|Win32
		{6B85C905-C29D-4CAF-8CF3-D5B7491859D5}.Debug|x86.Build.0 = Debug|Win32
		{6B85C905-C29D-4CAF-8CF3-D5B7491859D5}.Debug|x86.Deploy.0 = Debug|Win32
		{6B85C905-C29D-4CAF-8CF3-D5B7491859D5}.Release|ARM.ActiveCfg = Release|ARM
		{6B85C905-C29D-4CAF-8CF3-D5B7491859D5}.Release|ARM.Build.0 = Release|ARM
		{6B85C905-C29D-4CAF-8CF3-D5B7491859D5}.Release|ARM.Deploy.0 = Release|ARM
		{6B85C905-C29D-4CAF-8CF3-D5B7491859D5}.Release|ARM64.ActiveCfg = Release|ARM64
		{6B85C905-C29D-4CAF-8CF3-D5B7491859D5}.Release|ARM64.Build.0 = Release|ARM64
		{6B85C905-C29D-4CAF-8CF3-D5B7491859D5}.Release|ARM64.Deploy.0 = Release|ARM64
		{6B85C905-C29D-4CAF-8CF3-D5B7491859D5}.Release|x64.ActiveCfg = Release|x64
		{6B85C905-C29D-4CAF-8CF3-D5B7491859D5}.Release|x64.Build.0 = Release|x64
		{6B85C905-C29D-4CAF-8CF3-D5B7491859D5}.Release|x64.Deploy.0 = Release|x64
		{6B85C905-C29D-4CAF-8CF3-D5B7491859D5}.Release|x86.ActiveCfg = Release|Win32
		{6B85C905-C29D-4CAF-8CF3-D5B7491859D5}.Release|x86.Build.0 = Release|Win32
		{6B85C905-C29D-4CAF-8CF3-D5B7491859D5}.Release|x86.Deploy.0 = Release|Win32
		{1E0D32A6-3994-4F1D-89DA-50EC4B3A8442}.Debug|ARM.ActiveCfg = Debug|ARM
		{1E0D32A6-3994-4F1D-89DA-50EC4B3A8442}.Debug|ARM.Build.0 = Debug|ARM
		{1E0D32A6-3994-4F1D-89DA-50EC4B3A8442}.Debug|ARM.Deploy.0 = Debug|ARM
		{1E0D32A6-3994-4F1D-89DA-50EC4B3A8442}.Debug|ARM64.ActiveCfg = Debug|ARM64
		{1E0D32A6-3994-4F1D-89DA-50EC4B3A8442}.Debug|ARM64.Build.0 = Debug|ARM64
		{1E0D32A6-3994-4F1D-89DA-50EC4B3A8442}.Debug|ARM64.Deploy.0 = Debug|ARM64
		{1E0D32A6-3994-4F1D-89DA-50EC4B3A8442}.Debug|x64.ActiveCfg = Debug|x64
		{1E0D32A6-3994-4F1D-89DA-50EC4B3A8442}.Debug|x64.Build.0 = Debug|x64
		{1E0D32A6-3994-4F1D-89DA-50EC4B3A8442}.Debug|x64.Deploy.0 = Debug|x64
		{1E0D32A6-3994-4F1D-89DA-50EC4B3A8442}.Debug|x86.ActiveCfg = Debug|Win32
		{1E0D32A6-3994-4F1D-89DA-50EC4B3A8442}.Debug|x86.Build.0 = Debug|Win32
		{1E0D32A6-3994-4F1D-89DA-50EC4B3A8442}.Debug|x86.Deploy.0 = Debug|Win32
		{1E0D32A6-3994-4F1D-89DA-50EC4B3A8442}.Release|ARM.ActiveCfg = Release|ARM
		{1E0D32A6-3994-4F1D-89DA-50EC4B3A8442}.Release|ARM.Build.0 = Release|ARM
		{1E0D32A6-3994-4F1D-89DA-50EC4B3A8442}.Release|ARM.Deploy.0 = Release|ARM
		{1E0D32A6-3994-4F1D-89DA-50EC4B3A8442}.Release|ARM64.ActiveCfg = Release|ARM64
		{1E0D32A6-3994-4F1D-89DA-50EC4B3A8442}.Release|ARM64.Build.0 = Release|ARM64
		{1E0D32A6-3994-4F1D-89DA-50EC4B3A8442}.Release|ARM64.Deploy.0 = Release|ARM64
		{1E0D32A6-3994-4F1D-89DA-50EC4B3A8442}.Release|x64.ActiveCfg = Release|x64
		{1E0D32A6-3994-4F1D-89DA-50EC4B3A8442}.Release|x64.Build.0 = Release|x64
		{1E0D32A6-3994-4F1D-89DA-50EC4B3A8442}.Release|x64.Deploy.0 = Release|x64
		{1E0D32A6-3994-4F1D-89DA-50EC4B3A8442}.Release|x86.ActiveCfg = Release|Win32
		{1E0D32A6-3994-4F1D-89DA-50EC4B3A8442}.Release|x86.Build.0 = Release|Win32
		{1E0D32A6-3994-4F1D-89DA-50EC4B3A8442}.Release|x86.Deploy.0 = Release|Win32
		{2D90E9A8-031C-407E-AE71-58EA7103932A}.Debug|ARM.ActiveCfg = Debug|Win32
		{2D90E9A8-031C-407E-AE71-58EA7103932A}.Debug|ARM64.ActiveCfg = Debug|Win32
		{2D90E9A8-031C-407E-AE71-58EA7103932A}.Debug|x64.ActiveCfg = Debug|x64
		{2D90E9A8-031C-407E-AE71-58EA7103932A}.Debug|x64.Build.0 = Debug|x64
		{2D90E9A8-031C-407E-AE71-58EA7103932A}.Debug|x86.ActiveCfg = Debug|Win32
		{2D90E9A8-031C-407E-AE71-58EA7103932A}.Debug|x86.Build.0 = Debug|Win32
		{2D90E9A8-031C-407E-AE71-58EA7103932A}.Release|ARM.ActiveCfg = Release|Win32
		{2D90E9A8-031C-407E-AE71-58EA7103932A}.Release|ARM64.ActiveCfg = Release|Win32
		{2D90E9A8-031C-407E-AE71-58EA7103932A}.Release|x64.ActiveCfg = Release|x64
		{2D90E9A8-031C-407E-AE71-58EA7103932A}.Release|x64.Build.0 = Release|x64
		{2D90E9A8-031C-407E-AE71-58EA7103932A}.Release|x86.ActiveCfg = Release|Win32
		{2D90E9A8-031C-407E-AE71-58EA7103932A}.Release|x86.Build.0 = Release|Win32
	EndGlobalSection
	GlobalSection(SolutionProperties) = preSolution
		HideSolutionNode = FALSE
	EndGlobalSection
	GlobalSection(ExtensibilityGlobals) = postSolution
		SolutionGuid = {B483A096-71E6-4BF0-9DFD-C5B89452A731}
	EndGlobalSection
EndGlobal
